
Microsoft Visual Studio Solution File, Format Version 12.00
# Visual Studio Version 17
VisualStudioVersion = 17.13.35828.75
MinimumVisualStudioVersion = 10.0.40219.1
Project("{FAE04EC0-301F-11D3-BF4B-00C04F79EFBC}") = "ModularWebApi", "ModularWebApi\ModularWebApi.csproj", "{440B5D2D-0F49-47AD-99A4-5C9BEDF29490}"
EndProject
Project("{FAE04EC0-301F-11D3-BF4B-00C04F79EFBC}") = "ModularTest", "ModularTest\ModularTest.csproj", "{636AD253-A5C9-483D-940B-DFDFEA4FC3E4}"
EndProject
Global
	GlobalSection(SolutionConfigurationPlatforms) = preSolution
		Debug|Any CPU = Debug|Any CPU
		Release|Any CPU = Release|Any CPU
	EndGlobalSection
	GlobalSection(ProjectConfigurationPlatforms) = postSolution
		{440B5D2D-0F49-47AD-99A4-5C9BEDF29490}.Debug|Any CPU.ActiveCfg = Debug|Any CPU
		{440B5D2D-0F49-47AD-99A4-5C9BEDF29490}.Debug|Any CPU.Build.0 = Debug|Any CPU
		{440B5D2D-0F49-47AD-99A4-5C9BEDF29490}.Release|Any CPU.ActiveCfg = Release|Any CPU
		{440B5D2D-0F49-47AD-99A4-5C9BEDF29490}.Release|Any CPU.Build.0 = Release|Any CPU
		{636AD253-A5C9-483D-940B-DFDFEA4FC3E4}.Debug|Any CPU.ActiveCfg = Debug|Any CPU
		{636AD253-A5C9-483D-940B-DFDFEA4FC3E4}.Debug|Any CPU.Build.0 = Debug|Any CPU
		{636AD253-A5C9-483D-940B-DFDFEA4FC3E4}.Release|Any CPU.ActiveCfg = Release|Any CPU
		{636AD253-A5C9-483D-940B-DFDFEA4FC3E4}.Release|Any CPU.Build.0 = Release|Any CPU
	EndGlobalSection
	GlobalSection(SolutionProperties) = preSolution
		HideSolutionNode = FALSE
	EndGlobalSection
	GlobalSection(ExtensibilityGlobals) = postSolution
		SolutionGuid = {CB70012D-4070-4BC2-B1F6-F16C00B0086B}
	EndGlobalSection
EndGlobal
